
Microsoft Visual Studio Solution File, Format Version 12.00
# Visual Studio Version 17
VisualStudioVersion = 17.7.34024.191
MinimumVisualStudioVersion = 10.0.40219.1
Project("{FAE04EC0-301F-11D3-BF4B-00C04F79EFBC}") = "ConsoleApp", "ConsoleApp\ConsoleApp.csproj", "{ED5841D4-0F98-4391-A107-BC10EDA813DA}"
EndProject
Global
	GlobalSection(SolutionConfigurationPlatforms) = preSolution
		Debug|Any CPU = Debug|Any CPU
		Release|Any CPU = Release|Any CPU
	EndGlobalSection
	GlobalSection(ProjectConfigurationPlatforms) = postSolution
		{ED5841D4-0F98-4391-A107-BC10EDA813DA}.Debug|Any CPU.ActiveCfg = Debug|Any CPU
		{ED5841D4-0F98-4391-A107-BC10EDA813DA}.Debug|Any CPU.Build.0 = Debug|Any CPU
		{ED5841D4-0F98-4391-A107-BC10EDA813DA}.Release|Any CPU.ActiveCfg = Release|Any CPU
		{ED5841D4-0F98-4391-A107-BC10EDA813DA}.Release|Any CPU.Build.0 = Release|Any CPU
	EndGlobalSection
	GlobalSection(SolutionProperties) = preSolution
		HideSolutionNode = FALSE
	EndGlobalSection
	GlobalSection(ExtensibilityGlobals) = postSolution
		SolutionGuid = {4A7436ED-1329-40CB-A4DB-A88C31EEA98A}
	EndGlobalSection
EndGlobal
