
Microsoft Visual Studio Solution File, Format Version 12.00
# Visual Studio Version 17
VisualStudioVersion = 17.7.34024.191
MinimumVisualStudioVersion = 10.0.40219.1
Project("{FAE04EC0-301F-11D3-BF4B-00C04F79EFBC}") = "Cpu_Information", "Cpu_Information\Cpu_Information.csproj", "{DCC4F02B-493F-4738-A5AF-DEE082C5085B}"
EndProject
Global
	GlobalSection(SolutionConfigurationPlatforms) = preSolution
		Debug|Any CPU = Debug|Any CPU
		Release|Any CPU = Release|Any CPU
	EndGlobalSection
	GlobalSection(ProjectConfigurationPlatforms) = postSolution
		{DCC4F02B-493F-4738-A5AF-DEE082C5085B}.Debug|Any CPU.ActiveCfg = Debug|Any CPU
		{DCC4F02B-493F-4738-A5AF-DEE082C5085B}.Debug|Any CPU.Build.0 = Debug|Any CPU
		{DCC4F02B-493F-4738-A5AF-DEE082C5085B}.Release|Any CPU.ActiveCfg = Release|Any CPU
		{DCC4F02B-493F-4738-A5AF-DEE082C5085B}.Release|Any CPU.Build.0 = Release|Any CPU
	EndGlobalSection
	GlobalSection(SolutionProperties) = preSolution
		HideSolutionNode = FALSE
	EndGlobalSection
	GlobalSection(ExtensibilityGlobals) = postSolution
		SolutionGuid = {295E8270-867B-4590-A632-5ADC92C1BFBF}
	EndGlobalSection
EndGlobal
