
Microsoft Visual Studio Solution File, Format Version 12.00
# Visual Studio Version 17
VisualStudioVersion = 17.7.34024.191
MinimumVisualStudioVersion = 10.0.40219.1
Project("{FAE04EC0-301F-11D3-BF4B-00C04F79EFBC}") = "Download_image_from_url", "Download_image_from_url\Download_image_from_url.csproj", "{F6929305-5032-4EBA-8F74-1E8AB581139C}"
EndProject
Global
	GlobalSection(SolutionConfigurationPlatforms) = preSolution
		Debug|Any CPU = Debug|Any CPU
		Release|Any CPU = Release|Any CPU
	EndGlobalSection
	GlobalSection(ProjectConfigurationPlatforms) = postSolution
		{F6929305-5032-4EBA-8F74-1E8AB581139C}.Debug|Any CPU.ActiveCfg = Debug|Any CPU
		{F6929305-5032-4EBA-8F74-1E8AB581139C}.Debug|Any CPU.Build.0 = Debug|Any CPU
		{F6929305-5032-4EBA-8F74-1E8AB581139C}.Release|Any CPU.ActiveCfg = Release|Any CPU
		{F6929305-5032-4EBA-8F74-1E8AB581139C}.Release|Any CPU.Build.0 = Release|Any CPU
	EndGlobalSection
	GlobalSection(SolutionProperties) = preSolution
		HideSolutionNode = FALSE
	EndGlobalSection
	GlobalSection(ExtensibilityGlobals) = postSolution
		SolutionGuid = {38884CB3-489D-420F-A104-21B25070F4FA}
	EndGlobalSection
EndGlobal
