
Microsoft Visual Studio Solution File, Format Version 12.00
# Visual Studio Version 17
VisualStudioVersion = 17.7.34024.191
MinimumVisualStudioVersion = 10.0.40219.1
Project("{FAE04EC0-301F-11D3-BF4B-00C04F79EFBC}") = "LESSON 12", "LESSON 12\LESSON 12.csproj", "{DA1CDA47-95A6-4B8F-A8B1-25F970131DDA}"
EndProject
Global
	GlobalSection(SolutionConfigurationPlatforms) = preSolution
		Debug|Any CPU = Debug|Any CPU
		Release|Any CPU = Release|Any CPU
	EndGlobalSection
	GlobalSection(ProjectConfigurationPlatforms) = postSolution
		{DA1CDA47-95A6-4B8F-A8B1-25F970131DDA}.Debug|Any CPU.ActiveCfg = Debug|Any CPU
		{DA1CDA47-95A6-4B8F-A8B1-25F970131DDA}.Debug|Any CPU.Build.0 = Debug|Any CPU
		{DA1CDA47-95A6-4B8F-A8B1-25F970131DDA}.Release|Any CPU.ActiveCfg = Release|Any CPU
		{DA1CDA47-95A6-4B8F-A8B1-25F970131DDA}.Release|Any CPU.Build.0 = Release|Any CPU
	EndGlobalSection
	GlobalSection(SolutionProperties) = preSolution
		HideSolutionNode = FALSE
	EndGlobalSection
	GlobalSection(ExtensibilityGlobals) = postSolution
		SolutionGuid = {CEB4A88B-C9F3-486F-999F-B58F96E4D252}
	EndGlobalSection
EndGlobal
