
Microsoft Visual Studio Solution File, Format Version 12.00
# Visual Studio Version 17
VisualStudioVersion = 17.7.34024.191
MinimumVisualStudioVersion = 10.0.40219.1
Project("{FAE04EC0-301F-11D3-BF4B-00C04F79EFBC}") = "LESSON 10", "LESSON 10\LESSON 10.csproj", "{33901BA7-D549-4704-8B7E-68A617557D93}"
EndProject
Global
	GlobalSection(SolutionConfigurationPlatforms) = preSolution
		Debug|Any CPU = Debug|Any CPU
		Release|Any CPU = Release|Any CPU
	EndGlobalSection
	GlobalSection(ProjectConfigurationPlatforms) = postSolution
		{33901BA7-D549-4704-8B7E-68A617557D93}.Debug|Any CPU.ActiveCfg = Debug|Any CPU
		{33901BA7-D549-4704-8B7E-68A617557D93}.Debug|Any CPU.Build.0 = Debug|Any CPU
		{33901BA7-D549-4704-8B7E-68A617557D93}.Release|Any CPU.ActiveCfg = Release|Any CPU
		{33901BA7-D549-4704-8B7E-68A617557D93}.Release|Any CPU.Build.0 = Release|Any CPU
	EndGlobalSection
	GlobalSection(SolutionProperties) = preSolution
		HideSolutionNode = FALSE
	EndGlobalSection
	GlobalSection(ExtensibilityGlobals) = postSolution
		SolutionGuid = {1A74AE9F-8DD0-4A77-9BEF-40319D03C9B8}
	EndGlobalSection
EndGlobal
