
Microsoft Visual Studio Solution File, Format Version 12.00
# Visual Studio Version 17
VisualStudioVersion = 17.7.34024.191
MinimumVisualStudioVersion = 10.0.40219.1
Project("{FAE04EC0-301F-11D3-BF4B-00C04F79EFBC}") = "Genderize_probability", "Genderize_probability\Genderize_probability.csproj", "{C978BCAD-CC18-4AC5-8942-58ECE1ECF23E}"
EndProject
Global
	GlobalSection(SolutionConfigurationPlatforms) = preSolution
		Debug|Any CPU = Debug|Any CPU
		Release|Any CPU = Release|Any CPU
	EndGlobalSection
	GlobalSection(ProjectConfigurationPlatforms) = postSolution
		{C978BCAD-CC18-4AC5-8942-58ECE1ECF23E}.Debug|Any CPU.ActiveCfg = Debug|Any CPU
		{C978BCAD-CC18-4AC5-8942-58ECE1ECF23E}.Debug|Any CPU.Build.0 = Debug|Any CPU
		{C978BCAD-CC18-4AC5-8942-58ECE1ECF23E}.Release|Any CPU.ActiveCfg = Release|Any CPU
		{C978BCAD-CC18-4AC5-8942-58ECE1ECF23E}.Release|Any CPU.Build.0 = Release|Any CPU
	EndGlobalSection
	GlobalSection(SolutionProperties) = preSolution
		HideSolutionNode = FALSE
	EndGlobalSection
	GlobalSection(ExtensibilityGlobals) = postSolution
		SolutionGuid = {13F8D828-88BB-4847-8220-4ACCC6180D85}
	EndGlobalSection
EndGlobal
